
Microsoft Visual Studio Solution File, Format Version 12.00
# Visual Studio Version 16
VisualStudioVersion = 16.0.32428.217
MinimumVisualStudioVersion = 10.0.40219.1
Project("{FAE04EC0-301F-11D3-BF4B-00C04F79EFBC}") = "RestaurantManager", "RestaurantManager\RestaurantManager.csproj", "{B1D99BB4-BE38-40BF-9F2F-9BA0DD0B955E}"
EndProject
Project("{FAE04EC0-301F-11D3-BF4B-00C04F79EFBC}") = "TestApp", "TestApp\TestApp.csproj", "{4947004E-64A2-4EF4-B507-340CAB39C236}"
EndProject
Project("{54435603-DBB4-11D2-8724-00A0C9A8B90C}") = "RestaurantPosInstaller", "RestaurantPosInstaller\RestaurantPosInstaller.vdproj", "{90E976B4-0179-442C-A72A-0D41981EB509}"
EndProject
Project("{FAE04EC0-301F-11D3-BF4B-00C04F79EFBC}") = "DatabaseModels", "DatabaseModels\DatabaseModels.csproj", "{FDD69BEF-3452-49F0-8577-A3F65406B92E}"
EndProject
Project("{FAE04EC0-301F-11D3-BF4B-00C04F79EFBC}") = "WebSocketClient", "WebSocketClient\WebSocketClient.csproj", "{A3AD9837-4740-4AE5-82D0-6A7FF0D32612}"
EndProject
Global
	GlobalSection(SolutionConfigurationPlatforms) = preSolution
		Debug|Any CPU = Debug|Any CPU
		Release|Any CPU = Release|Any CPU
	EndGlobalSection
	GlobalSection(ProjectConfigurationPlatforms) = postSolution
		{B1D99BB4-BE38-40BF-9F2F-9BA0DD0B955E}.Debug|Any CPU.ActiveCfg = Debug|Any CPU
		{B1D99BB4-BE38-40BF-9F2F-9BA0DD0B955E}.Debug|Any CPU.Build.0 = Debug|Any CPU
		{B1D99BB4-BE38-40BF-9F2F-9BA0DD0B955E}.Release|Any CPU.ActiveCfg = Release|Any CPU
		{B1D99BB4-BE38-40BF-9F2F-9BA0DD0B955E}.Release|Any CPU.Build.0 = Release|Any CPU
		{4947004E-64A2-4EF4-B507-340CAB39C236}.Debug|Any CPU.ActiveCfg = Debug|Any CPU
		{4947004E-64A2-4EF4-B507-340CAB39C236}.Debug|Any CPU.Build.0 = Debug|Any CPU
		{4947004E-64A2-4EF4-B507-340CAB39C236}.Release|Any CPU.ActiveCfg = Release|Any CPU
		{4947004E-64A2-4EF4-B507-340CAB39C236}.Release|Any CPU.Build.0 = Release|Any CPU
		{90E976B4-0179-442C-A72A-0D41981EB509}.Debug|Any CPU.ActiveCfg = Debug
		{90E976B4-0179-442C-A72A-0D41981EB509}.Release|Any CPU.ActiveCfg = Release
		{FDD69BEF-3452-49F0-8577-A3F65406B92E}.Debug|Any CPU.ActiveCfg = Debug|Any CPU
		{FDD69BEF-3452-49F0-8577-A3F65406B92E}.Debug|Any CPU.Build.0 = Debug|Any CPU
		{FDD69BEF-3452-49F0-8577-A3F65406B92E}.Release|Any CPU.ActiveCfg = Release|Any CPU
		{FDD69BEF-3452-49F0-8577-A3F65406B92E}.Release|Any CPU.Build.0 = Release|Any CPU
		{A3AD9837-4740-4AE5-82D0-6A7FF0D32612}.Debug|Any CPU.ActiveCfg = Debug|Any CPU
		{A3AD9837-4740-4AE5-82D0-6A7FF0D32612}.Debug|Any CPU.Build.0 = Debug|Any CPU
		{A3AD9837-4740-4AE5-82D0-6A7FF0D32612}.Release|Any CPU.ActiveCfg = Release|Any CPU
		{A3AD9837-4740-4AE5-82D0-6A7FF0D32612}.Release|Any CPU.Build.0 = Release|Any CPU
	EndGlobalSection
	GlobalSection(SolutionProperties) = preSolution
		HideSolutionNode = FALSE
	EndGlobalSection
	GlobalSection(ExtensibilityGlobals) = postSolution
		SolutionGuid = {C28D41EC-44B2-4761-9AE5-32AF36C7AC03}
	EndGlobalSection
EndGlobal
